// !$*UTF8*$!
{
	archiveVersion = 1;
	classes = {
	};
	objectVersion = 50;
	objects = {

/* Begin PBXBuildFile section */
		FD4142A024AC8911001E40B6 /* DetailView.swift in Sources */ = {isa = PBXBuildFile; fileRef = FD41429F24AC8911001E40B6 /* DetailView.swift */; };
		FD4142A224ACB188001E40B6 /* WebView.swift in Sources */ = {isa = PBXBuildFile; fileRef = FD4142A124ACB188001E40B6 /* WebView.swift */; };
		FDAD1C1724AB304200AD9D37 /* AppDelegate.swift in Sources */ = {isa = PBXBuildFile; fileRef = FDAD1C1624AB304200AD9D37 /* AppDelegate.swift */; };
		FDAD1C1924AB304200AD9D37 /* SceneDelegate.swift in Sources */ = {isa = PBXBuildFile; fileRef = FDAD1C1824AB304200AD9D37 /* SceneDelegate.swift */; };
		FDAD1C1B24AB304200AD9D37 /* ContentView.swift in Sources */ = {isa = PBXBuildFile; fileRef = FDAD1C1A24AB304200AD9D37 /* ContentView.swift */; };
		FDAD1C1D24AB304900AD9D37 /* Assets.xcassets in Resources */ = {isa = PBXBuildFile; fileRef = FDAD1C1C24AB304900AD9D37 /* Assets.xcassets */; };
		FDAD1C2024AB304900AD9D37 /* Preview Assets.xcassets in Resources */ = {isa = PBXBuildFile; fileRef = FDAD1C1F24AB304900AD9D37 /* Preview Assets.xcassets */; };
		FDAD1C2324AB304900AD9D37 /* LaunchScreen.storyboard in Resources */ = {isa = PBXBuildFile; fileRef = FDAD1C2124AB304900AD9D37 /* LaunchScreen.storyboard */; };
		FDAD1C2E24AB3A3D00AD9D37 /* NetworkManager.swift in Sources */ = {isa = PBXBuildFile; fileRef = FDAD1C2D24AB3A3D00AD9D37 /* NetworkManager.swift */; };
		FDAD1C3024ABB7F500AD9D37 /* PostData.swift in Sources */ = {isa = PBXBuildFile; fileRef = FDAD1C2F24ABB7F500AD9D37 /* PostData.swift */; };
/* End PBXBuildFile section */

/* Begin PBXFileReference section */
		FD41429F24AC8911001E40B6 /* DetailView.swift */ = {isa = PBXFileReference; lastKnownFileType = sourcecode.swift; path = DetailView.swift; sourceTree = "<group>"; };
		FD4142A124ACB188001E40B6 /* WebView.swift */ = {isa = PBXFileReference; lastKnownFileType = sourcecode.swift; path = WebView.swift; sourceTree = "<group>"; };
		FD4142A324ACB7BA001E40B6 /* HACKER News.entitlements */ = {isa = PBXFileReference; lastKnownFileType = text.plist.entitlements; path = "HACKER News.entitlements"; sourceTree = "<group>"; };
		FDAD1C1324AB304200AD9D37 /* HACKER News.app */ = {isa = PBXFileReference; explicitFileType = wrapper.application; includeInIndex = 0; path = "HACKER News.app"; sourceTree = BUILT_PRODUCTS_DIR; };
		FDAD1C1624AB304200AD9D37 /* AppDelegate.swift */ = {isa = PBXFileReference; lastKnownFileType = sourcecode.swift; path = AppDelegate.swift; sourceTree = "<group>"; };
		FDAD1C1824AB304200AD9D37 /* SceneDelegate.swift */ = {isa = PBXFileReference; lastKnownFileType = sourcecode.swift; path = SceneDelegate.swift; sourceTree = "<group>"; };
		FDAD1C1A24AB304200AD9D37 /* ContentView.swift */ = {isa = PBXFileReference; lastKnownFileType = sourcecode.swift; path = ContentView.swift; sourceTree = "<group>"; };
		FDAD1C1C24AB304900AD9D37 /* Assets.xcassets */ = {isa = PBXFileReference; lastKnownFileType = folder.assetcatalog; path = Assets.xcassets; sourceTree = "<group>"; };
		FDAD1C1F24AB304900AD9D37 /* Preview Assets.xcassets */ = {isa = PBXFileReference; lastKnownFileType = folder.assetcatalog; path = "Preview Assets.xcassets"; sourceTree = "<group>"; };
		FDAD1C2224AB304900AD9D37 /* Base */ = {isa = PBXFileReference; lastKnownFileType = file.storyboard; name = Base; path = Base.lproj/LaunchScreen.storyboard; sourceTree = "<group>"; };
		FDAD1C2424AB304900AD9D37 /* Info.plist */ = {isa = PBXFileReference; lastKnownFileType = text.plist.xml; path = Info.plist; sourceTree = "<group>"; };
		FDAD1C2D24AB3A3D00AD9D37 /* NetworkManager.swift */ = {isa = PBXFileReference; lastKnownFileType = sourcecode.swift; path = NetworkManager.swift; sourceTree = "<group>"; };
		FDAD1C2F24ABB7F500AD9D37 /* PostData.swift */ = {isa = PBXFileReference; lastKnownFileType = sourcecode.swift; path = PostData.swift; sourceTree = "<group>"; };
/* End PBXFileReference section */

/* Begin PBXFrameworksBuildPhase section */
		FDAD1C1024AB304200AD9D37 /* Frameworks */ = {
			isa = PBXFrameworksBuildPhase;
			buildActionMask = 2147483647;
			files = (
			);
			runOnlyForDeploymentPostprocessing = 0;
		};
/* End PBXFrameworksBuildPhase section */

/* Begin PBXGroup section */
		FD41429E24AC88F0001E40B6 /* Views */ = {
			isa = PBXGroup;
			children = (
				FDAD1C1A24AB304200AD9D37 /* ContentView.swift */,
				FD41429F24AC8911001E40B6 /* DetailView.swift */,
				FD4142A124ACB188001E40B6 /* WebView.swift */,
			);
			path = Views;
			sourceTree = "<group>";
		};
		FDAD1C0A24AB304200AD9D37 = {
			isa = PBXGroup;
			children = (
				FDAD1C1524AB304200AD9D37 /* HACKER News */,
				FDAD1C1424AB304200AD9D37 /* Products */,
			);
			sourceTree = "<group>";
		};
		FDAD1C1424AB304200AD9D37 /* Products */ = {
			isa = PBXGroup;
			children = (
				FDAD1C1324AB304200AD9D37 /* HACKER News.app */,
			);
			name = Products;
			sourceTree = "<group>";
		};
		FDAD1C1524AB304200AD9D37 /* HACKER News */ = {
			isa = PBXGroup;
			children = (
				FD4142A324ACB7BA001E40B6 /* HACKER News.entitlements */,
				FDAD1C1624AB304200AD9D37 /* AppDelegate.swift */,
				FDAD1C1824AB304200AD9D37 /* SceneDelegate.swift */,
				FD41429E24AC88F0001E40B6 /* Views */,
				FDAD1C2A24AB396E00AD9D37 /* Models */,
				FDAD1C1C24AB304900AD9D37 /* Assets.xcassets */,
				FDAD1C2124AB304900AD9D37 /* LaunchScreen.storyboard */,
				FDAD1C2424AB304900AD9D37 /* Info.plist */,
				FDAD1C1E24AB304900AD9D37 /* Preview Content */,
			);
			path = "HACKER News";
			sourceTree = "<group>";
		};
		FDAD1C1E24AB304900AD9D37 /* Preview Content */ = {
			isa = PBXGroup;
			children = (
				FDAD1C1F24AB304900AD9D37 /* Preview Assets.xcassets */,
			);
			path = "Preview Content";
			sourceTree = "<group>";
		};
		FDAD1C2A24AB396E00AD9D37 /* Models */ = {
			isa = PBXGroup;
			children = (
				FDAD1C2D24AB3A3D00AD9D37 /* NetworkManager.swift */,
				FDAD1C2F24ABB7F500AD9D37 /* PostData.swift */,
			);
			name = Models;
			sourceTree = "<group>";
		};
/* End PBXGroup section */

/* Begin PBXNativeTarget section */
		FDAD1C1224AB304200AD9D37 /* HACKER News */ = {
			isa = PBXNativeTarget;
			buildConfigurationList = FDAD1C2724AB304900AD9D37 /* Build configuration list for PBXNativeTarget "HACKER News" */;
			buildPhases = (
				FDAD1C0F24AB304200AD9D37 /* Sources */,
				FDAD1C1024AB304200AD9D37 /* Frameworks */,
				FDAD1C1124AB304200AD9D37 /* Resources */,
			);
			buildRules = (
			);
			dependencies = (
			);
			name = "HACKER News";
			productName = "HACKER News";
			productReference = FDAD1C1324AB304200AD9D37 /* HACKER News.app */;
			productType = "com.apple.product-type.application";
		};
/* End PBXNativeTarget section */

/* Begin PBXProject section */
		FDAD1C0B24AB304200AD9D37 /* Project object */ = {
			isa = PBXProject;
			attributes = {
				LastSwiftUpdateCheck = 1150;
				LastUpgradeCheck = 1150;
				ORGANIZATIONNAME = "Marcin Miasko";
				TargetAttributes = {
					FDAD1C1224AB304200AD9D37 = {
						CreatedOnToolsVersion = 11.5;
					};
				};
			};
			buildConfigurationList = FDAD1C0E24AB304200AD9D37 /* Build configuration list for PBXProject "HACKER News" */;
			compatibilityVersion = "Xcode 9.3";
			developmentRegion = en;
			hasScannedForEncodings = 0;
			knownRegions = (
				en,
				Base,
			);
			mainGroup = FDAD1C0A24AB304200AD9D37;
			productRefGroup = FDAD1C1424AB304200AD9D37 /* Products */;
			projectDirPath = "";
			projectRoot = "";
			targets = (
				FDAD1C1224AB304200AD9D37 /* HACKER News */,
			);
		};
/* End PBXProject section */

/* Begin PBXResourcesBuildPhase section */
		FDAD1C1124AB304200AD9D37 /* Resources */ = {
			isa = PBXResourcesBuildPhase;
			buildActionMask = 2147483647;
			files = (
				FDAD1C2324AB304900AD9D37 /* LaunchScreen.storyboard in Resources */,
				FDAD1C2024AB304900AD9D37 /* Preview Assets.xcassets in Resources */,
				FDAD1C1D24AB304900AD9D37 /* Assets.xcassets in Resources */,
			);
			runOnlyForDeploymentPostprocessing = 0;
		};
/* End PBXResourcesBuildPhase section */

/* Begin PBXSourcesBuildPhase section */
		FDAD1C0F24AB304200AD9D37 /* Sources */ = {
			isa = PBXSourcesBuildPhase;
			buildActionMask = 2147483647;
			files = (
				FDAD1C3024ABB7F500AD9D37 /* PostData.swift in Sources */,
				FD4142A024AC8911001E40B6 /* DetailView.swift in Sources */,
				FDAD1C2E24AB3A3D00AD9D37 /* NetworkManager.swift in Sources */,
				FDAD1C1724AB304200AD9D37 /* AppDelegate.swift in Sources */,
				FDAD1C1924AB304200AD9D37 /* SceneDelegate.swift in Sources */,
				FDAD1C1B24AB304200AD9D37 /* ContentView.swift in Sources */,
				FD4142A224ACB188001E40B6 /* WebView.swift in Sources */,
			);
			runOnlyForDeploymentPostprocessing = 0;
		};
/* End PBXSourcesBuildPhase section */

/* Begin PBXVariantGroup section */
		FDAD1C2124AB304900AD9D37 /* LaunchScreen.storyboard */ = {
			isa = PBXVariantGroup;
			children = (
				FDAD1C2224AB304900AD9D37 /* Base */,
			);
			name = LaunchScreen.storyboard;
			sourceTree = "<group>";
		};
/* End PBXVariantGroup section */

/* Begin XCBuildConfiguration section */
		FDAD1C2524AB304900AD9D37 /* Debug */ = {
			isa = XCBuildConfiguration;
			buildSettings = {
				ALWAYS_SEARCH_USER_PATHS = NO;
				CLANG_ANALYZER_NONNULL = YES;
				CLANG_ANALYZER_NUMBER_OBJECT_CONVERSION = YES_AGGRESSIVE;
				CLANG_CXX_LANGUAGE_STANDARD = "gnu++14";
				CLANG_CXX_LIBRARY = "libc++";
				CLANG_ENABLE_MODULES = YES;
				CLANG_ENABLE_OBJC_ARC = YES;
				CLANG_ENABLE_OBJC_WEAK = YES;
				CLANG_WARN_BLOCK_CAPTURE_AUTORELEASING = YES;
				CLANG_WARN_BOOL_CONVERSION = YES;
				CLANG_WARN_COMMA = YES;
				CLANG_WARN_CONSTANT_CONVERSION = YES;
				CLANG_WARN_DEPRECATED_OBJC_IMPLEMENTATIONS = YES;
				CLANG_WARN_DIRECT_OBJC_ISA_USAGE = YES_ERROR;
				CLANG_WARN_DOCUMENTATION_COMMENTS = YES;
				CLANG_WARN_EMPTY_BODY = YES;
				CLANG_WARN_ENUM_CONVERSION = YES;
				CLANG_WARN_INFINITE_RECURSION = YES;
				CLANG_WARN_INT_CONVERSION = YES;
				CLANG_WARN_NON_LITERAL_NULL_CONVERSION = YES;
				CLANG_WARN_OBJC_IMPLICIT_RETAIN_SELF = YES;
				CLANG_WARN_OBJC_LITERAL_CONVERSION = YES;
				CLANG_WARN_OBJC_ROOT_CLASS = YES_ERROR;
				CLANG_WARN_RANGE_LOOP_ANALYSIS = YES;
				CLANG_WARN_STRICT_PROTOTYPES = YES;
				CLANG_WARN_SUSPICIOUS_MOVE = YES;
				CLANG_WARN_UNGUARDED_AVAILABILITY = YES_AGGRESSIVE;
				CLANG_WARN_UNREACHABLE_CODE = YES;
				CLANG_WARN__DUPLICATE_METHOD_MATCH = YES;
				COPY_PHASE_STRIP = NO;
				DEBUG_INFORMATION_FORMAT = dwarf;
				ENABLE_STRICT_OBJC_MSGSEND = YES;
				ENABLE_TESTABILITY = YES;
				GCC_C_LANGUAGE_STANDARD = gnu11;
				GCC_DYNAMIC_NO_PIC = NO;
				GCC_NO_COMMON_BLOCKS = YES;
				GCC_OPTIMIZATION_LEVEL = 0;
				GCC_PREPROCESSOR_DEFINITIONS = (
					"DEBUG=1",
					"$(inherited)",
				);
				GCC_WARN_64_TO_32_BIT_CONVERSION = YES;
				GCC_WARN_ABOUT_RETURN_TYPE = YES_ERROR;
				GCC_WARN_UNDECLARED_SELECTOR = YES;
				GCC_WARN_UNINITIALIZED_AUTOS = YES_AGGRESSIVE;
				GCC_WARN_UNUSED_FUNCTION = YES;
				GCC_WARN_UNUSED_VARIABLE = YES;
				IPHONEOS_DEPLOYMENT_TARGET = 13.5;
				MTL_ENABLE_DEBUG_INFO = INCLUDE_SOURCE;
				MTL_FAST_MATH = YES;
				ONLY_ACTIVE_ARCH = YES;
				SDKROOT = iphoneos;
				SWIFT_ACTIVE_COMPILATION_CONDITIONS = DEBUG;
				SWIFT_OPTIMIZATION_LEVEL = "-Onone";
			};
			name = Debug;
		};
		FDAD1C2624AB304900AD9D37 /* Release */ = {
			isa = XCBuildConfiguration;
			buildSettings = {
				ALWAYS_SEARCH_USER_PATHS = NO;
				CLANG_ANALYZER_NONNULL = YES;
				CLANG_ANALYZER_NUMBER_OBJECT_CONVERSION = YES_AGGRESSIVE;
				CLANG_CXX_LANGUAGE_STANDARD = "gnu++14";
				CLANG_CXX_LIBRARY = "libc++";
				CLANG_ENABLE_MODULES = YES;
				CLANG_ENABLE_OBJC_ARC = YES;
				CLANG_ENABLE_OBJC_WEAK = YES;
				CLANG_WARN_BLOCK_CAPTURE_AUTORELEASING = YES;
				CLANG_WARN_BOOL_CONVERSION = YES;
				CLANG_WARN_COMMA = YES;
				CLANG_WARN_CONSTANT_CONVERSION = YES;
				CLANG_WARN_DEPRECATED_OBJC_IMPLEMENTATIONS = YES;
				CLANG_WARN_DIRECT_OBJC_ISA_USAGE = YES_ERROR;
				CLANG_WARN_DOCUMENTATION_COMMENTS = YES;
				CLANG_WARN_EMPTY_BODY = YES;
				CLANG_WARN_ENUM_CONVERSION = YES;
				CLANG_WARN_INFINITE_RECURSION = YES;
				CLANG_WARN_INT_CONVERSION = YES;
				CLANG_WARN_NON_LITERAL_NULL_CONVERSION = YES;
				CLANG_WARN_OBJC_IMPLICIT_RETAIN_SELF = YES;
				CLANG_WARN_OBJC_LITERAL_CONVERSION = YES;
				CLANG_WARN_OBJC_ROOT_CLASS = YES_ERROR;
				CLANG_WARN_RANGE_LOOP_ANALYSIS = YES;
				CLANG_WARN_STRICT_PROTOTYPES = YES;
				CLANG_WARN_SUSPICIOUS_MOVE = YES;
				CLANG_WARN_UNGUARDED_AVAILABILITY = YES_AGGRESSIVE;
				CLANG_WARN_UNREACHABLE_CODE = YES;
				CLANG_WARN__DUPLICATE_METHOD_MATCH = YES;
				COPY_PHASE_STRIP = NO;
				DEBUG_INFORMATION_FORMAT = "dwarf-with-dsym";
				ENABLE_NS_ASSERTIONS = NO;
				ENABLE_STRICT_OBJC_MSGSEND = YES;
				GCC_C_LANGUAGE_STANDARD = gnu11;
				GCC_NO_COMMON_BLOCKS = YES;
				GCC_WARN_64_TO_32_BIT_CONVERSION = YES;
				GCC_WARN_ABOUT_RETURN_TYPE = YES_ERROR;
				GCC_WARN_UNDECLARED_SELECTOR = YES;
				GCC_WARN_UNINITIALIZED_AUTOS = YES_AGGRESSIVE;
				GCC_WARN_UNUSED_FUNCTION = YES;
				GCC_WARN_UNUSED_VARIABLE = YES;
				IPHONEOS_DEPLOYMENT_TARGET = 13.5;
				MTL_ENABLE_DEBUG_INFO = NO;
				MTL_FAST_MATH = YES;
				SDKROOT = iphoneos;
				SWIFT_COMPILATION_MODE = wholemodule;
				SWIFT_OPTIMIZATION_LEVEL = "-O";
				VALIDATE_PRODUCT = YES;
			};
			name = Release;
		};
		FDAD1C2824AB304900AD9D37 /* Debug */ = {
			isa = XCBuildConfiguration;
			buildSettings = {
				ASSETCATALOG_COMPILER_APPICON_NAME = AppIcon;
				CODE_SIGN_ENTITLEMENTS = "HACKER News/HACKER News.entitlements";
				CODE_SIGN_STYLE = Automatic;
				DEVELOPMENT_ASSET_PATHS = "\"HACKER News/Preview Content\"";
				DEVELOPMENT_TEAM = 499ANRRSL2;
				ENABLE_PREVIEWS = YES;
				INFOPLIST_FILE = "HACKER News/Info.plist";
				LD_RUNPATH_SEARCH_PATHS = (
					"$(inherited)",
					"@executable_path/Frameworks",
				);
				PRODUCT_BUNDLE_IDENTIFIER = "pl.miascom.HACKER-News";
				PRODUCT_NAME = "$(TARGET_NAME)";
				SUPPORTS_MACCATALYST = YES;
				SWIFT_VERSION = 5.0;
				TARGETED_DEVICE_FAMILY = "1,2";
			};
			name = Debug;
		};
		FDAD1C2924AB304900AD9D37 /* Release */ = {
			isa = XCBuildConfiguration;
			buildSettings = {
				ASSETCATALOG_COMPILER_APPICON_NAME = AppIcon;
				CODE_SIGN_ENTITLEMENTS = "HACKER News/HACKER News.entitlements";
				CODE_SIGN_STYLE = Automatic;
				DEVELOPMENT_ASSET_PATHS = "\"HACKER News/Preview Content\"";
				DEVELOPMENT_TEAM = 499ANRRSL2;
				ENABLE_PREVIEWS = YES;
				INFOPLIST_FILE = "HACKER News/Info.plist";
				LD_RUNPATH_SEARCH_PATHS = (
					"$(inherited)",
					"@executable_path/Frameworks",
				);
				PRODUCT_BUNDLE_IDENTIFIER = "pl.miascom.HACKER-News";
				PRODUCT_NAME = "$(TARGET_NAME)";
				SUPPORTS_MACCATALYST = YES;
				SWIFT_VERSION = 5.0;
				TARGETED_DEVICE_FAMILY = "1,2";
			};
			name = Release;
		};
/* End XCBuildConfiguration section */

/* Begin XCConfigurationList section */
		FDAD1C0E24AB304200AD9D37 /* Build configuration list for PBXProject "HACKER News" */ = {
			isa = XCConfigurationList;
			buildConfigurations = (
				FDAD1C2524AB304900AD9D37 /* Debug */,
				FDAD1C2624AB304900AD9D37 /* Release */,
			);
			defaultConfigurationIsVisible = 0;
			defaultConfigurationName = Release;
		};
		FDAD1C2724AB304900AD9D37 /* Build configuration list for PBXNativeTarget "HACKER News" */ = {
			isa = XCConfigurationList;
			buildConfigurations = (
				FDAD1C2824AB304900AD9D37 /* Debug */,
				FDAD1C2924AB304900AD9D37 /* Release */,
			);
			defaultConfigurationIsVisible = 0;
			defaultConfigurationName = Release;
		};
/* End XCConfigurationList section */
	};
	rootObject = FDAD1C0B24AB304200AD9D37 /* Project object */;
}
